PODS:
  - Flutter (1.0.0)
  - flutter_inappwebview_ios (0.0.1):
    - Flutter
    - flutter_inappwebview_ios/Core (= 0.0.1)
    - OrderedSet (~> 6.0.3)
  - flutter_inappwebview_ios/Core (0.0.1):
    - Flutter
    - OrderedSet (~> 6.0.3)
  - fluttertoast (0.0.2):
    - Flutter
  - OrderedSet (6.0.3)
  - package_info_plus (0.4.5):
    - Flutter
  - shared_preferences_foundation (0.0.1):
    - Flutter
    - FlutterMacOS
  - sqflite_darwin (0.0.4):
    - Flutter
    - FlutterMacOS
  - Stripe (25.17.0):
    - StripeApplePay (= 25.17.0)
    - StripeCore (= 25.17.0)
    - StripeIssuing (= 25.17.0)
    - StripePayments (= 25.17.0)
    - StripePaymentsUI (= 25.17.0)
    - StripeUICore (= 25.17.0)
  - stripe_ios (0.0.1):
    - Flutter
    - Stripe (~> 25.17.0)
    - stripe_ios/stripe_ios (= 0.0.1)
    - stripe_ios/stripe_objc (= 0.0.1)
    - StripeApplePay (~> 25.17.0)
    - StripeFinancialConnections (~> 25.17.0)
    - StripePayments (~> 25.17.0)
    - StripePaymentSheet (~> 25.17.0)
    - StripePaymentsUI (~> 25.17.0)
  - stripe_ios/stripe_ios (0.0.1):
    - Flutter
    - Stripe (~> 25.17.0)
    - stripe_ios/stripe_objc
    - StripeApplePay (~> 25.17.0)
    - StripeFinancialConnections (~> 25.17.0)
    - StripePayments (~> 25.17.0)
    - StripePaymentSheet (~> 25.17.0)
    - StripePaymentsUI (~> 25.17.0)
  - stripe_ios/stripe_objc (0.0.1):
    - Flutter
    - Stripe (~> 25.17.0)
    - StripeApplePay (~> 25.17.0)
    - StripeFinancialConnections (~> 25.17.0)
    - StripePayments (~> 25.17.0)
    - StripePaymentSheet (~> 25.17.0)
    - StripePaymentsUI (~> 25.17.0)
  - StripeApplePay (25.17.0):
    - StripeCore (= 25.17.0)
  - StripeCore (25.17.0)
  - StripeFinancialConnections (25.17.0):
    - StripeCore (= 25.17.0)
    - StripeUICore (= 25.17.0)
  - StripeIssuing (25.17.0):
    - StripeCore (= 25.17.0)
    - StripePayments (= 25.17.0)
    - StripePaymentsUI (= 25.17.0)
  - StripePayments (25.17.0):
    - StripeCore (= 25.17.0)
    - StripePayments/Stripe3DS2 (= 25.17.0)
  - StripePayments/Stripe3DS2 (25.17.0):
    - StripeCore (= 25.17.0)
  - StripePaymentSheet (25.17.0):
    - StripeApplePay (= 25.17.0)
    - StripeCore (= 25.17.0)
    - StripePayments (= 25.17.0)
    - StripePaymentsUI (= 25.17.0)
  - StripePaymentsUI (25.17.0):
    - StripeCore (= 25.17.0)
    - StripePayments (= 25.17.0)
    - StripeUICore (= 25.17.0)
  - StripeUICore (25.17.0):
    - StripeCore (= 25.17.0)
  - url_launcher_ios (0.0.1):
    - Flutter
  - webview_flutter_wkwebview (0.0.1):
    - Flutter
    - FlutterMacOS

DEPENDENCIES:
  - Flutter (from `Flutter`)
  - flutter_inappwebview_ios (from `.symlinks/plugins/flutter_inappwebview_ios/ios`)
  - fluttertoast (from `.symlinks/plugins/fluttertoast/ios`)
  - package_info_plus (from `.symlinks/plugins/package_info_plus/ios`)
  - shared_preferences_foundation (from `.symlinks/plugins/shared_preferences_foundation/darwin`)
  - sqflite_darwin (from `.symlinks/plugins/sqflite_darwin/darwin`)
  - stripe_ios (from `.symlinks/plugins/stripe_ios/ios`)
  - url_launcher_ios (from `.symlinks/plugins/url_launcher_ios/ios`)
  - webview_flutter_wkwebview (from `.symlinks/plugins/webview_flutter_wkwebview/darwin`)

SPEC REPOS:
  trunk:
    - OrderedSet
    - Stripe
    - StripeApplePay
    - StripeCore
    - StripeFinancialConnections
    - StripeIssuing
    - StripePayments
    - StripePaymentSheet
    - StripePaymentsUI
    - StripeUICore

EXTERNAL SOURCES:
  Flutter:
    :path: Flutter
  flutter_inappwebview_ios:
    :path: ".symlinks/plugins/flutter_inappwebview_ios/ios"
  fluttertoast:
    :path: ".symlinks/plugins/fluttertoast/ios"
  package_info_plus:
    :path: ".symlinks/plugins/package_info_plus/ios"
  shared_preferences_foundation:
    :path: ".symlinks/plugins/shared_preferences_foundation/darwin"
  sqflite_darwin:
    :path: ".symlinks/plugins/sqflite_darwin/darwin"
  stripe_ios:
    :path: ".symlinks/plugins/stripe_ios/ios"
  url_launcher_ios:
    :path: ".symlinks/plugins/url_launcher_ios/ios"
  webview_flutter_wkwebview:
    :path: ".symlinks/plugins/webview_flutter_wkwebview/darwin"

SPEC CHECKSUMS:
  Flutter: cabc95a1d2626b1b06e7179b784ebcf0c0cde467
  flutter_inappwebview_ios: b89ba3482b96fb25e00c967aae065701b66e9b99
  fluttertoast: fe6790210fdba20801685be946e3a2124b72eef5
  OrderedSet: e539b66b644ff081c73a262d24ad552a69be3a94
  package_info_plus: af8e2ca6888548050f16fa2f1938db7b5a5df499
  shared_preferences_foundation: 7036424c3d8ec98dfe75ff1667cb0cd531ec82bb
  sqflite_darwin: 20b2a3a3b70e43edae938624ce550a3cbf66a3d0
  Stripe: da4f210385ff97d786968eb751d5c0d5c47ba539
  stripe_ios: 4cc4ead50c59fe63e0ef7507c3a3bae056f88abb
  StripeApplePay: 7b1b6e86eb75be5d4bcf109c34224adf38000fe2
  StripeCore: 60849de0ae448eb9a7ed4ee8208acce78832b255
  StripeFinancialConnections: 280e67822cea7a8f89fb4fa97e6e7fb7293cff27
  StripeIssuing: 7ece6d6d59ddb8636de386257175e71ced6966ad
  StripePayments: befce228ec3545503c6ac54603b7e5a7cdb01a06
  StripePaymentSheet: 11fe4afb439379bf905a09d99d99b80a6fac5cf1
  StripePaymentsUI: c0e4426ec5aeaaedf3e4f32d30b77c4ef6e3dafa
  StripeUICore: 124b860ab571114c2dec947d7b66a11e0d3238b6
  url_launcher_ios: 7a95fa5b60cc718a708b8f2966718e93db0cef1b
  webview_flutter_wkwebview: 8ebf4fded22593026f7dbff1fbff31ea98573c8d

PODFILE CHECKSUM: a57f30d18f102dd3ce366b1d62a55ecbef2158e5

COCOAPODS: 1.16.2
